
Microsoft Visual Studio Solution File, Format Version 12.00
# Visual Studio Version 17
VisualStudioVersion = 17.0.31912.275
MinimumVisualStudioVersion = 10.0.40219.1
Project("{FAE04EC0-301F-11D3-BF4B-00C04F79EFBC}") = "Remove Doubly Linked List", "Remove Doubly Linked List\Remove Doubly Linked List.csproj", "{143F6CC0-4FD5-4C44-B54B-A24C2C843975}"
EndProject
Global
	GlobalSection(SolutionConfigurationPlatforms) = preSolution
		Debug|Any CPU = Debug|Any CPU
		Release|Any CPU = Release|Any CPU
	EndGlobalSection
	GlobalSection(ProjectConfigurationPlatforms) = postSolution
		{143F6CC0-4FD5-4C44-B54B-A24C2C843975}.Debug|Any CPU.ActiveCfg = Debug|Any CPU
		{143F6CC0-4FD5-4C44-B54B-A24C2C843975}.Debug|Any CPU.Build.0 = Debug|Any CPU
		{143F6CC0-4FD5-4C44-B54B-A24C2C843975}.Release|Any CPU.ActiveCfg = Release|Any CPU
		{143F6CC0-4FD5-4C44-B54B-A24C2C843975}.Release|Any CPU.Build.0 = Release|Any CPU
	EndGlobalSection
	GlobalSection(SolutionProperties) = preSolution
		HideSolutionNode = FALSE
	EndGlobalSection
	GlobalSection(ExtensibilityGlobals) = postSolution
		SolutionGuid = {876626D2-7FAC-4BFA-B5AC-C0A6EA10528E}
	EndGlobalSection
EndGlobal
